
Microsoft Visual Studio Solution File, Format Version 12.00
# Visual Studio Version 16
VisualStudioVersion = 16.0.31005.135
MinimumVisualStudioVersion = 10.0.40219.1
Project("{FAE04EC0-301F-11D3-BF4B-00C04F79EFBC}") = "Parcial1_RojasFloresJosephDaniel", "Parcial1_RojasFloresJosephDaniel\Parcial1_RojasFloresJosephDaniel.csproj", "{7AB41536-3CFD-4D50-BA47-31E903DB618F}"
EndProject
Global
	GlobalSection(SolutionConfigurationPlatforms) = preSolution
		Debug|Any CPU = Debug|Any CPU
		Release|Any CPU = Release|Any CPU
	EndGlobalSection
	GlobalSection(ProjectConfigurationPlatforms) = postSolution
		{7AB41536-3CFD-4D50-BA47-31E903DB618F}.Debug|Any CPU.ActiveCfg = Debug|Any CPU
		{7AB41536-3CFD-4D50-BA47-31E903DB618F}.Debug|Any CPU.Build.0 = Debug|Any CPU
		{7AB41536-3CFD-4D50-BA47-31E903DB618F}.Release|Any CPU.ActiveCfg = Release|Any CPU
		{7AB41536-3CFD-4D50-BA47-31E903DB618F}.Release|Any CPU.Build.0 = Release|Any CPU
	EndGlobalSection
	GlobalSection(SolutionProperties) = preSolution
		HideSolutionNode = FALSE
	EndGlobalSection
	GlobalSection(ExtensibilityGlobals) = postSolution
		SolutionGuid = {0AF02214-488C-4282-9482-70231AA94B26}
	EndGlobalSection
EndGlobal
